[[package]]
category = "main"
description = "ASCII Art Library For Python"
name = "art"
optional = false
python-versions = ">=2.7"
version = "5.1"

[package.extras]
dev = ["coverage (>=4.1)", "codecov (>=2.0.15)", "vulture (>=1.0)", "bandit (>=1.5.1)", "pydocstyle (>=3.0.0)"]

[[package]]
category = "main"
description = "Add .env support to your django/flask apps in development and deployments"
name = "python-dotenv"
optional = false
python-versions = "*"
version = "0.15.0"

[package.extras]
cli = ["click (>=5.0)"]

[metadata]
content-hash = "73147a11c064f25fa64f31c0fafa8264e11e9f3c2a7294fa947cd0ebba7fc2fc"
python-versions = "^3.8"

[metadata.files]
art = [
    {file = "art-5.1-py2.py3-none-any.whl", hash = "sha256:94b2f457dd10c20efe426eb79f752d03845cee80f262e00cbb4fa77dff768385"},
    {file = "art-5.1.tar.gz", hash = "sha256:380cb9a3bf97c6a3e6a90a7ab7d20b74aec0a1a4294f921ec3a8eb1057f37180"},
]
python-dotenv = [
    {file = "python-dotenv-0.15.0.tar.gz", hash = "sha256:587825ed60b1711daea4832cf37524dfd404325b7db5e25ebe88c495c9f807a0"},
    {file = "python_dotenv-0.15.0-py2.py3-none-any.whl", hash = "sha256:0c8d1b80d1a1e91717ea7d526178e3882732420b03f08afea0406db6402e220e"},
]
